
Microsoft Visual Studio Solution File, Format Version 12.00
# Visual Studio 15
VisualStudioVersion = 15.0.27703.2035
MinimumVisualStudioVersion = 10.0.40219.1
Project("{FAE04EC0-301F-11D3-BF4B-00C04F79EFBC}") = "OpenCart414Test", "OpenCart414Test\OpenCart414Test.csproj", "{30B52C2A-0050-468B-9B47-5DB9C4CBE087}"
EndProject
Project("{FAE04EC0-301F-11D3-BF4B-00C04F79EFBC}") = "ConsoleAppPractices", "ConsoleAppPractices\ConsoleAppPractices.csproj", "{3283275F-E5DD-4A1A-B573-D8D2C561FE6A}"
EndProject
Project("{FAE04EC0-301F-11D3-BF4B-00C04F79EFBC}") = "Rest414Test", "Rest414Test\Rest414Test.csproj", "{29A91573-9398-44AA-B951-17ECEACAB8C0}"
EndProject
Global
	GlobalSection(SolutionConfigurationPlatforms) = preSolution
		Debug|Any CPU = Debug|Any CPU
		Release|Any CPU = Release|Any CPU
	EndGlobalSection
	GlobalSection(ProjectConfigurationPlatforms) = postSolution
		{30B52C2A-0050-468B-9B47-5DB9C4CBE087}.Debug|Any CPU.ActiveCfg = Debug|Any CPU
		{30B52C2A-0050-468B-9B47-5DB9C4CBE087}.Debug|Any CPU.Build.0 = Debug|Any CPU
		{30B52C2A-0050-468B-9B47-5DB9C4CBE087}.Release|Any CPU.ActiveCfg = Release|Any CPU
		{30B52C2A-0050-468B-9B47-5DB9C4CBE087}.Release|Any CPU.Build.0 = Release|Any CPU
		{3283275F-E5DD-4A1A-B573-D8D2C561FE6A}.Debug|Any CPU.ActiveCfg = Debug|Any CPU
		{3283275F-E5DD-4A1A-B573-D8D2C561FE6A}.Debug|Any CPU.Build.0 = Debug|Any CPU
		{3283275F-E5DD-4A1A-B573-D8D2C561FE6A}.Release|Any CPU.ActiveCfg = Release|Any CPU
		{3283275F-E5DD-4A1A-B573-D8D2C561FE6A}.Release|Any CPU.Build.0 = Release|Any CPU
		{29A91573-9398-44AA-B951-17ECEACAB8C0}.Debug|Any CPU.ActiveCfg = Debug|Any CPU
		{29A91573-9398-44AA-B951-17ECEACAB8C0}.Debug|Any CPU.Build.0 = Debug|Any CPU
		{29A91573-9398-44AA-B951-17ECEACAB8C0}.Release|Any CPU.ActiveCfg = Release|Any CPU
		{29A91573-9398-44AA-B951-17ECEACAB8C0}.Release|Any CPU.Build.0 = Release|Any CPU
	EndGlobalSection
	GlobalSection(SolutionProperties) = preSolution
		HideSolutionNode = FALSE
	EndGlobalSection
	GlobalSection(ExtensibilityGlobals) = postSolution
		SolutionGuid = {0BB197A2-4EBF-481C-87AE-C64A73DA557C}
	EndGlobalSection
EndGlobal
